
Microsoft Visual Studio Solution File, Format Version 12.00
# Visual Studio Version 17
VisualStudioVersion = 17.13.35818.85 d17.13
MinimumVisualStudioVersion = 10.0.40219.1
Project("{FAE04EC0-301F-11D3-BF4B-00C04F79EFBC}") = "teste de mesa 1 - 1", "teste de mesa 1 - 1\teste de mesa 1 - 1.csproj", "{6BCF0A38-3FAF-4D15-8D8E-E8B013B34B04}"
EndProject
Global
	GlobalSection(SolutionConfigurationPlatforms) = preSolution
		Debug|Any CPU = Debug|Any CPU
		Release|Any CPU = Release|Any CPU
	EndGlobalSection
	GlobalSection(ProjectConfigurationPlatforms) = postSolution
		{6BCF0A38-3FAF-4D15-8D8E-E8B013B34B04}.Debug|Any CPU.ActiveCfg = Debug|Any CPU
		{6BCF0A38-3FAF-4D15-8D8E-E8B013B34B04}.Debug|Any CPU.Build.0 = Debug|Any CPU
		{6BCF0A38-3FAF-4D15-8D8E-E8B013B34B04}.Release|Any CPU.ActiveCfg = Release|Any CPU
		{6BCF0A38-3FAF-4D15-8D8E-E8B013B34B04}.Release|Any CPU.Build.0 = Release|Any CPU
	EndGlobalSection
	GlobalSection(SolutionProperties) = preSolution
		HideSolutionNode = FALSE
	EndGlobalSection
	GlobalSection(ExtensibilityGlobals) = postSolution
		SolutionGuid = {2D9CE0C9-F77D-4D94-80F7-B865141A25AF}
	EndGlobalSection
EndGlobal
